PODS:
  - BlocksKit (2.2.5):
    - BlocksKit/All (= 2.2.5)
  - BlocksKit/All (2.2.5):
    - BlocksKit/Core
    - BlocksKit/DynamicDelegate
    - BlocksKit/MessageUI
    - BlocksKit/UIKit
  - BlocksKit/Core (2.2.5)
  - BlocksKit/DynamicDelegate (2.2.5)
  - BlocksKit/MessageUI (2.2.5):
    - BlocksKit/Core
    - BlocksKit/DynamicDelegate
  - BlocksKit/UIKit (2.2.5):
    - BlocksKit/Core
    - BlocksKit/DynamicDelegate
  - BlueRocketFuelCore (0.1)

DEPENDENCIES:
  - BlocksKit (~> 2.2.5)
  - BlueRocketFuelCore (from `../BlueRocketFuelCore`)

EXTERNAL SOURCES:
  BlueRocketFuelCore:
    :path: ../BlueRocketFuelCore

SPEC CHECKSUMS:
  BlocksKit: 4439e7f30a9f90743462ca63545a15c1f4304cef
  BlueRocketFuelCore: bd1fc65fad50cad8d8df1a0df366da6db2a4f17c

COCOAPODS: 0.36.0.beta.2
